// !$*UTF8*$!
{
	archiveVersion = 1;
	classes = {
	};
	objectVersion = 46;
	objects = {

/* Begin PBXBuildFile section */
		6037A6971E7FD9D30052804F /* main.m in Sources */ = {isa = PBXBuildFile; fileRef = 6037A6961E7FD9D30052804F /* main.m */; };
		6037A69A1E7FD9D30052804F /* AppDelegate.m in Sources */ = {isa = PBXBuildFile; fileRef = 6037A6991E7FD9D30052804F /* AppDelegate.m */; };
		6037A6A01E7FD9D30052804F /* Main.storyboard in Resources */ = {isa = PBXBuildFile; fileRef = 6037A69E1E7FD9D30052804F /* Main.storyboard */; };
		6037A6A21E7FD9D30052804F /* Assets.xcassets in Resources */ = {isa = PBXBuildFile; fileRef = 6037A6A11E7FD9D30052804F /* Assets.xcassets */; };
		6037A6A51E7FD9D30052804F /* LaunchScreen.storyboard in Resources */ = {isa = PBXBuildFile; fileRef = 6037A6A31E7FD9D30052804F /* LaunchScreen.storyboard */; };
		6037A6B41E7FDA420052804F /* ViewController.m in Sources */ = {isa = PBXBuildFile; fileRef = 6037A6B31E7FDA420052804F /* ViewController.m */; };
		6037A6BA1E7FDB3D0052804F /* CHBaseModel.m in Sources */ = {isa = PBXBuildFile; fileRef = 6037A6B91E7FDB3D0052804F /* CHBaseModel.m */; };
		6037A6BD1E7FDB480052804F /* CHLocalDataBase.m in Sources */ = {isa = PBXBuildFile; fileRef = 6037A6BC1E7FDB480052804F /* CHLocalDataBase.m */; };
		6037A6C01E7FDB520052804F /* CHLocalDataHandle.m in Sources */ = {isa = PBXBuildFile; fileRef = 6037A6BF1E7FDB520052804F /* CHLocalDataHandle.m */; };
		6037A6C41E7FDCB80052804F /* CHStudent.m in Sources */ = {isa = PBXBuildFile; fileRef = 6037A6C31E7FDCB80052804F /* CHStudent.m */; };
		6037A6C71E7FDD320052804F /* CHTeacher.m in Sources */ = {isa = PBXBuildFile; fileRef = 6037A6C61E7FDD320052804F /* CHTeacher.m */; };
		6037A6CA1E7FE1190052804F /* CHLStudentDataHandle.m in Sources */ = {isa = PBXBuildFile; fileRef = 6037A6C91E7FE1190052804F /* CHLStudentDataHandle.m */; };
/* End PBXBuildFile section */

/* Begin PBXFileReference section */
		6037A6921E7FD9D30052804F /* CHDBTest.app */ = {isa = PBXFileReference; explicitFileType = wrapper.application; includeInIndex = 0; path = CHDBTest.app; sourceTree = BUILT_PRODUCTS_DIR; };
		6037A6961E7FD9D30052804F /* main.m */ = {isa = PBXFileReference; lastKnownFileType = sourcecode.c.objc; path = main.m; sourceTree = "<group>"; };
		6037A6981E7FD9D30052804F /* AppDelegate.h */ = {isa = PBXFileReference; lastKnownFileType = sourcecode.c.h; path = AppDelegate.h; sourceTree = "<group>"; };
		6037A6991E7FD9D30052804F /* AppDelegate.m */ = {isa = PBXFileReference; lastKnownFileType = sourcecode.c.objc; path = AppDelegate.m; sourceTree = "<group>"; };
		6037A69F1E7FD9D30052804F /* Base */ = {isa = PBXFileReference; lastKnownFileType = file.storyboard; name = Base; path = Base.lproj/Main.storyboard; sourceTree = "<group>"; };
		6037A6A11E7FD9D30052804F /* Assets.xcassets */ = {isa = PBXFileReference; lastKnownFileType = folder.assetcatalog; path = Assets.xcassets; sourceTree = "<group>"; };
		6037A6A41E7FD9D30052804F /* Base */ = {isa = PBXFileReference; lastKnownFileType = file.storyboard; name = Base; path = Base.lproj/LaunchScreen.storyboard; sourceTree = "<group>"; };
		6037A6A61E7FD9D30052804F /* Info.plist */ = {isa = PBXFileReference; lastKnownFileType = text.plist.xml; path = Info.plist; sourceTree = "<group>"; };
		6037A6B21E7FDA420052804F /* ViewController.h */ = {isa = PBXFileReference; fileEncoding = 4; lastKnownFileType = sourcecode.c.h; path = ViewController.h; sourceTree = "<group>"; };
		6037A6B31E7FDA420052804F /* ViewController.m */ = {isa = PBXFileReference; fileEncoding = 4; lastKnownFileType = sourcecode.c.objc; path = ViewController.m; sourceTree = "<group>"; };
		6037A6B81E7FDB3D0052804F /* CHBaseModel.h */ = {isa = PBXFileReference; fileEncoding = 4; lastKnownFileType = sourcecode.c.h; path = CHBaseModel.h; sourceTree = "<group>"; };
		6037A6B91E7FDB3D0052804F /* CHBaseModel.m */ = {isa = PBXFileReference; fileEncoding = 4; lastKnownFileType = sourcecode.c.objc; path = CHBaseModel.m; sourceTree = "<group>"; };
		6037A6BB1E7FDB480052804F /* CHLocalDataBase.h */ = {isa = PBXFileReference; fileEncoding = 4; lastKnownFileType = sourcecode.c.h; path = CHLocalDataBase.h; sourceTree = "<group>"; };
		6037A6BC1E7FDB480052804F /* CHLocalDataBase.m */ = {isa = PBXFileReference; fileEncoding = 4; lastKnownFileType = sourcecode.c.objc; path = CHLocalDataBase.m; sourceTree = "<group>"; };
		6037A6BE1E7FDB520052804F /* CHLocalDataHandle.h */ = {isa = PBXFileReference; fileEncoding = 4; lastKnownFileType = sourcecode.c.h; path = CHLocalDataHandle.h; sourceTree = "<group>"; };
		6037A6BF1E7FDB520052804F /* CHLocalDataHandle.m */ = {isa = PBXFileReference; fileEncoding = 4; lastKnownFileType = sourcecode.c.objc; path = CHLocalDataHandle.m; sourceTree = "<group>"; };
		6037A6C11E7FDBBA0052804F /* CHIPP_SH_SDK.pch */ = {isa = PBXFileReference; fileEncoding = 4; lastKnownFileType = sourcecode.c.h; path = CHIPP_SH_SDK.pch; sourceTree = "<group>"; };
		6037A6C21E7FDCB80052804F /* CHStudent.h */ = {isa = PBXFileReference; fileEncoding = 4; lastKnownFileType = sourcecode.c.h; path = CHStudent.h; sourceTree = "<group>"; };
		6037A6C31E7FDCB80052804F /* CHStudent.m */ = {isa = PBXFileReference; fileEncoding = 4; lastKnownFileType = sourcecode.c.objc; path = CHStudent.m; sourceTree = "<group>"; };
		6037A6C51E7FDD320052804F /* CHTeacher.h */ = {isa = PBXFileReference; fileEncoding = 4; lastKnownFileType = sourcecode.c.h; path = CHTeacher.h; sourceTree = "<group>"; };
		6037A6C61E7FDD320052804F /* CHTeacher.m */ = {isa = PBXFileReference; fileEncoding = 4; lastKnownFileType = sourcecode.c.objc; path = CHTeacher.m; sourceTree = "<group>"; };
		6037A6C81E7FE1190052804F /* CHLStudentDataHandle.h */ = {isa = PBXFileReference; fileEncoding = 4; lastKnownFileType = sourcecode.c.h; path = CHLStudentDataHandle.h; sourceTree = "<group>"; };
		6037A6C91E7FE1190052804F /* CHLStudentDataHandle.m */ = {isa = PBXFileReference; fileEncoding = 4; lastKnownFileType = sourcecode.c.objc; path = CHLStudentDataHandle.m; sourceTree = "<group>"; };
/* End PBXFileReference section */

/* Begin PBXFrameworksBuildPhase section */
		6037A68F1E7FD9D30052804F /* Frameworks */ = {
			isa = PBXFrameworksBuildPhase;
			buildActionMask = 2147483647;
			files = (
			);
			runOnlyForDeploymentPostprocessing = 0;
		};
/* End PBXFrameworksBuildPhase section */

/* Begin PBXGroup section */
		6037A6891E7FD9D30052804F = {
			isa = PBXGroup;
			children = (
				6037A6941E7FD9D30052804F /* CHDBTest */,
				6037A6931E7FD9D30052804F /* Products */,
			);
			sourceTree = "<group>";
		};
		6037A6931E7FD9D30052804F /* Products */ = {
			isa = PBXGroup;
			children = (
				6037A6921E7FD9D30052804F /* CHDBTest.app */,
			);
			name = Products;
			sourceTree = "<group>";
		};
		6037A6941E7FD9D30052804F /* CHDBTest */ = {
			isa = PBXGroup;
			children = (
				6037A6AC1E7FDA420052804F /* DataHandle */,
				6037A6AF1E7FDA420052804F /* Model */,
				6037A6B11E7FDA420052804F /* VCs */,
				6037A6981E7FD9D30052804F /* AppDelegate.h */,
				6037A6991E7FD9D30052804F /* AppDelegate.m */,
				6037A69E1E7FD9D30052804F /* Main.storyboard */,
				6037A6A11E7FD9D30052804F /* Assets.xcassets */,
				6037A6A31E7FD9D30052804F /* LaunchScreen.storyboard */,
				6037A6A61E7FD9D30052804F /* Info.plist */,
				6037A6951E7FD9D30052804F /* Supporting Files */,
			);
			path = CHDBTest;
			sourceTree = "<group>";
		};
		6037A6951E7FD9D30052804F /* Supporting Files */ = {
			isa = PBXGroup;
			children = (
				6037A6C11E7FDBBA0052804F /* CHIPP_SH_SDK.pch */,
				6037A6961E7FD9D30052804F /* main.m */,
			);
			name = "Supporting Files";
			sourceTree = "<group>";
		};
		6037A6AC1E7FDA420052804F /* DataHandle */ = {
			isa = PBXGroup;
			children = (
				6037A6AD1E7FDA420052804F /* DataBase */,
				6037A6AE1E7FDA420052804F /* Local */,
			);
			path = DataHandle;
			sourceTree = "<group>";
		};
		6037A6AD1E7FDA420052804F /* DataBase */ = {
			isa = PBXGroup;
			children = (
				6037A6BB1E7FDB480052804F /* CHLocalDataBase.h */,
				6037A6BC1E7FDB480052804F /* CHLocalDataBase.m */,
			);
			path = DataBase;
			sourceTree = "<group>";
		};
		6037A6AE1E7FDA420052804F /* Local */ = {
			isa = PBXGroup;
			children = (
				6037A6BE1E7FDB520052804F /* CHLocalDataHandle.h */,
				6037A6BF1E7FDB520052804F /* CHLocalDataHandle.m */,
				6037A6C81E7FE1190052804F /* CHLStudentDataHandle.h */,
				6037A6C91E7FE1190052804F /* CHLStudentDataHandle.m */,
			);
			path = Local;
			sourceTree = "<group>";
		};
		6037A6AF1E7FDA420052804F /* Model */ = {
			isa = PBXGroup;
			children = (
				6037A6C21E7FDCB80052804F /* CHStudent.h */,
				6037A6C31E7FDCB80052804F /* CHStudent.m */,
				6037A6C51E7FDD320052804F /* CHTeacher.h */,
				6037A6C61E7FDD320052804F /* CHTeacher.m */,
				6037A6B01E7FDA420052804F /* Base */,
			);
			path = Model;
			sourceTree = "<group>";
		};
		6037A6B01E7FDA420052804F /* Base */ = {
			isa = PBXGroup;
			children = (
				6037A6B81E7FDB3D0052804F /* CHBaseModel.h */,
				6037A6B91E7FDB3D0052804F /* CHBaseModel.m */,
			);
			path = Base;
			sourceTree = "<group>";
		};
		6037A6B11E7FDA420052804F /* VCs */ = {
			isa = PBXGroup;
			children = (
				6037A6B21E7FDA420052804F /* ViewController.h */,
				6037A6B31E7FDA420052804F /* ViewController.m */,
			);
			path = VCs;
			sourceTree = "<group>";
		};
/* End PBXGroup section */

/* Begin PBXNativeTarget section */
		6037A6911E7FD9D30052804F /* CHDBTest */ = {
			isa = PBXNativeTarget;
			buildConfigurationList = 6037A6A91E7FD9D30052804F /* Build configuration list for PBXNativeTarget "CHDBTest" */;
			buildPhases = (
				6037A68E1E7FD9D30052804F /* Sources */,
				6037A68F1E7FD9D30052804F /* Frameworks */,
				6037A6901E7FD9D30052804F /* Resources */,
			);
			buildRules = (
			);
			dependencies = (
			);
			name = CHDBTest;
			productName = CHDBTest;
			productReference = 6037A6921E7FD9D30052804F /* CHDBTest.app */;
			productType = "com.apple.product-type.application";
		};
/* End PBXNativeTarget section */

/* Begin PBXProject section */
		6037A68A1E7FD9D30052804F /* Project object */ = {
			isa = PBXProject;
			attributes = {
				LastUpgradeCheck = 0730;
				ORGANIZATIONNAME = Wu;
				TargetAttributes = {
					6037A6911E7FD9D30052804F = {
						CreatedOnToolsVersion = 7.3;
					};
				};
			};
			buildConfigurationList = 6037A68D1E7FD9D30052804F /* Build configuration list for PBXProject "CHDBTest" */;
			compatibilityVersion = "Xcode 3.2";
			developmentRegion = English;
			hasScannedForEncodings = 0;
			knownRegions = (
				en,
				Base,
			);
			mainGroup = 6037A6891E7FD9D30052804F;
			productRefGroup = 6037A6931E7FD9D30052804F /* Products */;
			projectDirPath = "";
			projectRoot = "";
			targets = (
				6037A6911E7FD9D30052804F /* CHDBTest */,
			);
		};
/* End PBXProject section */

/* Begin PBXResourcesBuildPhase section */
		6037A6901E7FD9D30052804F /* Resources */ = {
			isa = PBXResourcesBuildPhase;
			buildActionMask = 2147483647;
			files = (
				6037A6A51E7FD9D30052804F /* LaunchScreen.storyboard in Resources */,
				6037A6A21E7FD9D30052804F /* Assets.xcassets in Resources */,
				6037A6A01E7FD9D30052804F /* Main.storyboard in Resources */,
			);
			runOnlyForDeploymentPostprocessing = 0;
		};
/* End PBXResourcesBuildPhase section */

/* Begin PBXSourcesBuildPhase section */
		6037A68E1E7FD9D30052804F /* Sources */ = {
			isa = PBXSourcesBuildPhase;
			buildActionMask = 2147483647;
			files = (
				6037A6C41E7FDCB80052804F /* CHStudent.m in Sources */,
				6037A6B41E7FDA420052804F /* ViewController.m in Sources */,
				6037A6C01E7FDB520052804F /* CHLocalDataHandle.m in Sources */,
				6037A6BD1E7FDB480052804F /* CHLocalDataBase.m in Sources */,
				6037A6CA1E7FE1190052804F /* CHLStudentDataHandle.m in Sources */,
				6037A69A1E7FD9D30052804F /* AppDelegate.m in Sources */,
				6037A6BA1E7FDB3D0052804F /* CHBaseModel.m in Sources */,
				6037A6971E7FD9D30052804F /* main.m in Sources */,
				6037A6C71E7FDD320052804F /* CHTeacher.m in Sources */,
			);
			runOnlyForDeploymentPostprocessing = 0;
		};
/* End PBXSourcesBuildPhase section */

/* Begin PBXVariantGroup section */
		6037A69E1E7FD9D30052804F /* Main.storyboard */ = {
			isa = PBXVariantGroup;
			children = (
				6037A69F1E7FD9D30052804F /* Base */,
			);
			name = Main.storyboard;
			sourceTree = "<group>";
		};
		6037A6A31E7FD9D30052804F /* LaunchScreen.storyboard */ = {
			isa = PBXVariantGroup;
			children = (
				6037A6A41E7FD9D30052804F /* Base */,
			);
			name = LaunchScreen.storyboard;
			sourceTree = "<group>";
		};
/* End PBXVariantGroup section */

/* Begin XCBuildConfiguration section */
		6037A6A71E7FD9D30052804F /* Debug */ = {
			isa = XCBuildConfiguration;
			buildSettings = {
				ALWAYS_SEARCH_USER_PATHS = NO;
				CLANG_ANALYZER_NONNULL = YES;
				CLANG_CXX_LANGUAGE_STANDARD = "gnu++0x";
				CLANG_CXX_LIBRARY = "libc++";
				CLANG_ENABLE_MODULES = YES;
				CLANG_ENABLE_OBJC_ARC = YES;
				CLANG_WARN_BOOL_CONVERSION = YES;
				CLANG_WARN_CONSTANT_CONVERSION = YES;
				CLANG_WARN_DIRECT_OBJC_ISA_USAGE = YES_ERROR;
				CLANG_WARN_EMPTY_BODY = YES;
				CLANG_WARN_ENUM_CONVERSION = YES;
				CLANG_WARN_INT_CONVERSION = YES;
				CLANG_WARN_OBJC_ROOT_CLASS = YES_ERROR;
				CLANG_WARN_UNREACHABLE_CODE = YES;
				CLANG_WARN__DUPLICATE_METHOD_MATCH = YES;
				"CODE_SIGN_IDENTITY[sdk=iphoneos*]" = "iPhone Developer";
				COPY_PHASE_STRIP = NO;
				DEBUG_INFORMATION_FORMAT = dwarf;
				ENABLE_STRICT_OBJC_MSGSEND = YES;
				ENABLE_TESTABILITY = YES;
				GCC_C_LANGUAGE_STANDARD = gnu99;
				GCC_DYNAMIC_NO_PIC = NO;
				GCC_NO_COMMON_BLOCKS = YES;
				GCC_OPTIMIZATION_LEVEL = 0;
				GCC_PREPROCESSOR_DEFINITIONS = (
					"DEBUG=1",
					"$(inherited)",
				);
				GCC_WARN_64_TO_32_BIT_CONVERSION = YES;
				GCC_WARN_ABOUT_RETURN_TYPE = YES_ERROR;
				GCC_WARN_UNDECLARED_SELECTOR = YES;
				GCC_WARN_UNINITIALIZED_AUTOS = YES_AGGRESSIVE;
				GCC_WARN_UNUSED_FUNCTION = YES;
				GCC_WARN_UNUSED_VARIABLE = YES;
				IPHONEOS_DEPLOYMENT_TARGET = 9.3;
				MTL_ENABLE_DEBUG_INFO = YES;
				ONLY_ACTIVE_ARCH = YES;
				SDKROOT = iphoneos;
				TARGETED_DEVICE_FAMILY = "1,2";
			};
			name = Debug;
		};
		6037A6A81E7FD9D30052804F /* Release */ = {
			isa = XCBuildConfiguration;
			buildSettings = {
				ALWAYS_SEARCH_USER_PATHS = NO;
				CLANG_ANALYZER_NONNULL = YES;
				CLANG_CXX_LANGUAGE_STANDARD = "gnu++0x";
				CLANG_CXX_LIBRARY = "libc++";
				CLANG_ENABLE_MODULES = YES;
				CLANG_ENABLE_OBJC_ARC = YES;
				CLANG_WARN_BOOL_CONVERSION = YES;
				CLANG_WARN_CONSTANT_CONVERSION = YES;
				CLANG_WARN_DIRECT_OBJC_ISA_USAGE = YES_ERROR;
				CLANG_WARN_EMPTY_BODY = YES;
				CLANG_WARN_ENUM_CONVERSION = YES;
				CLANG_WARN_INT_CONVERSION = YES;
				CLANG_WARN_OBJC_ROOT_CLASS = YES_ERROR;
				CLANG_WARN_UNREACHABLE_CODE = YES;
				CLANG_WARN__DUPLICATE_METHOD_MATCH = YES;
				"CODE_SIGN_IDENTITY[sdk=iphoneos*]" = "iPhone Developer";
				COPY_PHASE_STRIP = NO;
				DEBUG_INFORMATION_FORMAT = "dwarf-with-dsym";
				ENABLE_NS_ASSERTIONS = NO;
				ENABLE_STRICT_OBJC_MSGSEND = YES;
				GCC_C_LANGUAGE_STANDARD = gnu99;
				GCC_NO_COMMON_BLOCKS = YES;
				GCC_WARN_64_TO_32_BIT_CONVERSION = YES;
				GCC_WARN_ABOUT_RETURN_TYPE = YES_ERROR;
				GCC_WARN_UNDECLARED_SELECTOR = YES;
				GCC_WARN_UNINITIALIZED_AUTOS = YES_AGGRESSIVE;
				GCC_WARN_UNUSED_FUNCTION = YES;
				GCC_WARN_UNUSED_VARIABLE = YES;
				IPHONEOS_DEPLOYMENT_TARGET = 9.3;
				MTL_ENABLE_DEBUG_INFO = NO;
				SDKROOT = iphoneos;
				TARGETED_DEVICE_FAMILY = "1,2";
				VALIDATE_PRODUCT = YES;
			};
			name = Release;
		};
		6037A6AA1E7FD9D30052804F /* Debug */ = {
			isa = XCBuildConfiguration;
			buildSettings = {
				ASSETCATALOG_COMPILER_APPICON_NAME = AppIcon;
				GCC_PRECOMPILE_PREFIX_HEADER = YES;
				GCC_PREFIX_HEADER = /Users/wuwenhao/Desktop/CHDBTest/CHDBTest/CHIPP_SH_SDK.pch;
				INFOPLIST_FILE = CHDBTest/Info.plist;
				LD_RUNPATH_SEARCH_PATHS = "$(inherited) @executable_path/Frameworks";
				PRODUCT_BUNDLE_IDENTIFIER = com.W.CHDBTest;
				PRODUCT_NAME = "$(TARGET_NAME)";
			};
			name = Debug;
		};
		6037A6AB1E7FD9D30052804F /* Release */ = {
			isa = XCBuildConfiguration;
			buildSettings = {
				ASSETCATALOG_COMPILER_APPICON_NAME = AppIcon;
				GCC_PRECOMPILE_PREFIX_HEADER = YES;
				GCC_PREFIX_HEADER = /Users/wuwenhao/Desktop/CHDBTest/CHDBTest/CHIPP_SH_SDK.pch;
				INFOPLIST_FILE = CHDBTest/Info.plist;
				LD_RUNPATH_SEARCH_PATHS = "$(inherited) @executable_path/Frameworks";
				PRODUCT_BUNDLE_IDENTIFIER = com.W.CHDBTest;
				PRODUCT_NAME = "$(TARGET_NAME)";
			};
			name = Release;
		};
/* End XCBuildConfiguration section */

/* Begin XCConfigurationList section */
		6037A68D1E7FD9D30052804F /* Build configuration list for PBXProject "CHDBTest" */ = {
			isa = XCConfigurationList;
			buildConfigurations = (
				6037A6A71E7FD9D30052804F /* Debug */,
				6037A6A81E7FD9D30052804F /* Release */,
			);
			defaultConfigurationIsVisible = 0;
			defaultConfigurationName = Release;
		};
		6037A6A91E7FD9D30052804F /* Build configuration list for PBXNativeTarget "CHDBTest" */ = {
			isa = XCConfigurationList;
			buildConfigurations = (
				6037A6AA1E7FD9D30052804F /* Debug */,
				6037A6AB1E7FD9D30052804F /* Release */,
			);
			defaultConfigurationIsVisible = 0;
		};
/* End XCConfigurationList section */
	};
	rootObject = 6037A68A1E7FD9D30052804F /* Project object */;
}
